// !$*UTF8*$!
{
	archiveVersion = 1;
	classes = {
	};
	objectVersion = 55;
	objects = {

/* Begin PBXBuildFile section */
		BA049E242723A17B00AD9DC5 /* UserWS.swift in Sources */ = {isa = PBXBuildFile; fileRef = BA049E232723A17A00AD9DC5 /* UserWS.swift */; };
		BA049E262723A18700AD9DC5 /* MovieWS.swift in Sources */ = {isa = PBXBuildFile; fileRef = BA049E252723A18700AD9DC5 /* MovieWS.swift */; };
		BA049E292723A8B400AD9DC5 /* MoviesDTO.swift in Sources */ = {isa = PBXBuildFile; fileRef = BA049E282723A8B400AD9DC5 /* MoviesDTO.swift */; };
		BA1223BF2736196500A63327 /* Movie.swift in Sources */ = {isa = PBXBuildFile; fileRef = BA1223BE2736196500A63327 /* Movie.swift */; };
		BA1223C227361D1000A63327 /* DateManager.swift in Sources */ = {isa = PBXBuildFile; fileRef = BA1223C127361D1000A63327 /* DateManager.swift */; };
		BA30100127239ACB0042089D /* AppDelegate.swift in Sources */ = {isa = PBXBuildFile; fileRef = BA30100027239ACB0042089D /* AppDelegate.swift */; };
		BA30100327239ACB0042089D /* SceneDelegate.swift in Sources */ = {isa = PBXBuildFile; fileRef = BA30100227239ACB0042089D /* SceneDelegate.swift */; };
		BA30100A27239ACE0042089D /* Assets.xcassets in Resources */ = {isa = PBXBuildFile; fileRef = BA30100927239ACE0042089D /* Assets.xcassets */; };
		BA30100D27239ACE0042089D /* LaunchScreen.storyboard in Resources */ = {isa = PBXBuildFile; fileRef = BA30100B27239ACE0042089D /* LaunchScreen.storyboard */; };
		BA5AA180273608960096EEF7 /* ListMoviesViewController.swift in Sources */ = {isa = PBXBuildFile; fileRef = BA5AA17F273608960096EEF7 /* ListMoviesViewController.swift */; };
		BA5AA182273608B30096EEF7 /* Movies.storyboard in Resources */ = {isa = PBXBuildFile; fileRef = BA5AA181273608B30096EEF7 /* Movies.storyboard */; };
		BA5AA184273618250096EEF7 /* MovieTableViewCell.swift in Sources */ = {isa = PBXBuildFile; fileRef = BA5AA183273618250096EEF7 /* MovieTableViewCell.swift */; };
		BA5F335A273F4023002937C9 /* MovieDetailViewController.swift in Sources */ = {isa = PBXBuildFile; fileRef = BA5F3359273F4023002937C9 /* MovieDetailViewController.swift */; };
		BA5F335C273F461E002937C9 /* Images.xcassets in Resources */ = {isa = PBXBuildFile; fileRef = BA5F335B273F461E002937C9 /* Images.xcassets */; };
		BADA75A92723A0740018C492 /* Alamofire in Frameworks */ = {isa = PBXBuildFile; productRef = BADA75A82723A0740018C492 /* Alamofire */; };
/* End PBXBuildFile section */

/* Begin PBXFileReference section */
		BA049E232723A17A00AD9DC5 /* UserWS.swift */ = {isa = PBXFileReference; lastKnownFileType = sourcecode.swift; path = UserWS.swift; sourceTree = "<group>"; };
		BA049E252723A18700AD9DC5 /* MovieWS.swift */ = {isa = PBXFileReference; lastKnownFileType = sourcecode.swift; path = MovieWS.swift; sourceTree = "<group>"; };
		BA049E282723A8B400AD9DC5 /* MoviesDTO.swift */ = {isa = PBXFileReference; lastKnownFileType = sourcecode.swift; path = MoviesDTO.swift; sourceTree = "<group>"; };
		BA1223BE2736196500A63327 /* Movie.swift */ = {isa = PBXFileReference; lastKnownFileType = sourcecode.swift; path = Movie.swift; sourceTree = "<group>"; };
		BA1223C127361D1000A63327 /* DateManager.swift */ = {isa = PBXFileReference; lastKnownFileType = sourcecode.swift; path = DateManager.swift; sourceTree = "<group>"; };
		BA300FFD27239ACB0042089D /* Peliculas.app */ = {isa = PBXFileReference; explicitFileType = wrapper.application; includeInIndex = 0; path = Peliculas.app; sourceTree = BUILT_PRODUCTS_DIR; };
		BA30100027239ACB0042089D /* AppDelegate.swift */ = {isa = PBXFileReference; lastKnownFileType = sourcecode.swift; path = AppDelegate.swift; sourceTree = "<group>"; };
		BA30100227239ACB0042089D /* SceneDelegate.swift */ = {isa = PBXFileReference; lastKnownFileType = sourcecode.swift; path = SceneDelegate.swift; sourceTree = "<group>"; };
		BA30100927239ACE0042089D /* Assets.xcassets */ = {isa = PBXFileReference; lastKnownFileType = folder.assetcatalog; path = Assets.xcassets; sourceTree = "<group>"; };
		BA30100C27239ACE0042089D /* Base */ = {isa = PBXFileReference; lastKnownFileType = file.storyboard; name = Base; path = Base.lproj/LaunchScreen.storyboard; sourceTree = "<group>"; };
		BA30100E27239ACE0042089D /* Info.plist */ = {isa = PBXFileReference; lastKnownFileType = text.plist.xml; path = Info.plist; sourceTree = "<group>"; };
		BA5AA17F273608960096EEF7 /* ListMoviesViewController.swift */ = {isa = PBXFileReference; lastKnownFileType = sourcecode.swift; path = ListMoviesViewController.swift; sourceTree = "<group>"; };
		BA5AA181273608B30096EEF7 /* Movies.storyboard */ = {isa = PBXFileReference; lastKnownFileType = file.storyboard; path = Movies.storyboard; sourceTree = "<group>"; };
		BA5AA183273618250096EEF7 /* MovieTableViewCell.swift */ = {isa = PBXFileReference; lastKnownFileType = sourcecode.swift; path = MovieTableViewCell.swift; sourceTree = "<group>"; };
		BA5F3359273F4023002937C9 /* MovieDetailViewController.swift */ = {isa = PBXFileReference; lastKnownFileType = sourcecode.swift; path = MovieDetailViewController.swift; sourceTree = "<group>"; };
		BA5F335B273F461E002937C9 /* Images.xcassets */ = {isa = PBXFileReference; lastKnownFileType = folder.assetcatalog; path = Images.xcassets; sourceTree = "<group>"; };
/* End PBXFileReference section */

/* Begin PBXFrameworksBuildPhase section */
		BA300FFA27239ACB0042089D /* Frameworks */ = {
			isa = PBXFrameworksBuildPhase;
			buildActionMask = 2147483647;
			files = (
				BADA75A92723A0740018C492 /* Alamofire in Frameworks */,
			);
			runOnlyForDeploymentPostprocessing = 0;
		};
/* End PBXFrameworksBuildPhase section */

/* Begin PBXGroup section */
		BA049E222723A16400AD9DC5 /* WebServices */ = {
			isa = PBXGroup;
			children = (
				BA049E232723A17A00AD9DC5 /* UserWS.swift */,
				BA049E252723A18700AD9DC5 /* MovieWS.swift */,
			);
			path = WebServices;
			sourceTree = "<group>";
		};
		BA049E272723A8A200AD9DC5 /* DTO */ = {
			isa = PBXGroup;
			children = (
				BA049E282723A8B400AD9DC5 /* MoviesDTO.swift */,
			);
			path = DTO;
			sourceTree = "<group>";
		};
		BA1223BD2736195600A63327 /* Entities */ = {
			isa = PBXGroup;
			children = (
				BA1223BE2736196500A63327 /* Movie.swift */,
			);
			path = Entities;
			sourceTree = "<group>";
		};
		BA1223C027361D0300A63327 /* General */ = {
			isa = PBXGroup;
			children = (
				BA1223C127361D1000A63327 /* DateManager.swift */,
			);
			path = General;
			sourceTree = "<group>";
		};
		BA300FF427239ACB0042089D = {
			isa = PBXGroup;
			children = (
				BA300FFF27239ACB0042089D /* Peliculas */,
				BA300FFE27239ACB0042089D /* Products */,
			);
			sourceTree = "<group>";
		};
		BA300FFE27239ACB0042089D /* Products */ = {
			isa = PBXGroup;
			children = (
				BA300FFD27239ACB0042089D /* Peliculas.app */,
			);
			name = Products;
			sourceTree = "<group>";
		};
		BA300FFF27239ACB0042089D /* Peliculas */ = {
			isa = PBXGroup;
			children = (
				BA1223C027361D0300A63327 /* General */,
				BA5AA178273608480096EEF7 /* iPhone */,
				BA1223BD2736195600A63327 /* Entities */,
				BA049E272723A8A200AD9DC5 /* DTO */,
				BA049E222723A16400AD9DC5 /* WebServices */,
				BA30100027239ACB0042089D /* AppDelegate.swift */,
				BA30100227239ACB0042089D /* SceneDelegate.swift */,
				BA30100927239ACE0042089D /* Assets.xcassets */,
				BA30100B27239ACE0042089D /* LaunchScreen.storyboard */,
				BA30100E27239ACE0042089D /* Info.plist */,
			);
			path = Peliculas;
			sourceTree = "<group>";
		};
		BA5AA178273608480096EEF7 /* iPhone */ = {
			isa = PBXGroup;
			children = (
				BA5AA17B2736085A0096EEF7 /* Resources */,
				BA5AA17A273608540096EEF7 /* Storyboards */,
				BA5AA1792736084C0096EEF7 /* Classes */,
			);
			path = iPhone;
			sourceTree = "<group>";
		};
		BA5AA1792736084C0096EEF7 /* Classes */ = {
			isa = PBXGroup;
			children = (
				BA5AA17C273608630096EEF7 /* Movies */,
			);
			path = Classes;
			sourceTree = "<group>";
		};
		BA5AA17A273608540096EEF7 /* Storyboards */ = {
			isa = PBXGroup;
			children = (
				BA5AA181273608B30096EEF7 /* Movies.storyboard */,
			);
			path = Storyboards;
			sourceTree = "<group>";
		};
		BA5AA17B2736085A0096EEF7 /* Resources */ = {
			isa = PBXGroup;
			children = (
				BA5F335B273F461E002937C9 /* Images.xcassets */,
			);
			path = Resources;
			sourceTree = "<group>";
		};
		BA5AA17C273608630096EEF7 /* Movies */ = {
			isa = PBXGroup;
			children = (
				BA5AA17E273608740096EEF7 /* Detail */,
				BA5AA17D2736086E0096EEF7 /* List */,
			);
			path = Movies;
			sourceTree = "<group>";
		};
		BA5AA17D2736086E0096EEF7 /* List */ = {
			isa = PBXGroup;
			children = (
				BA5AA17F273608960096EEF7 /* ListMoviesViewController.swift */,
				BA5AA183273618250096EEF7 /* MovieTableViewCell.swift */,
			);
			path = List;
			sourceTree = "<group>";
		};
		BA5AA17E273608740096EEF7 /* Detail */ = {
			isa = PBXGroup;
			children = (
				BA5F3359273F4023002937C9 /* MovieDetailViewController.swift */,
			);
			path = Detail;
			sourceTree = "<group>";
		};
/* End PBXGroup section */

/* Begin PBXNativeTarget section */
		BA300FFC27239ACB0042089D /* Peliculas */ = {
			isa = PBXNativeTarget;
			buildConfigurationList = BA30101127239ACE0042089D /* Build configuration list for PBXNativeTarget "Peliculas" */;
			buildPhases = (
				BA300FF927239ACB0042089D /* Sources */,
				BA300FFA27239ACB0042089D /* Frameworks */,
				BA300FFB27239ACB0042089D /* Resources */,
			);
			buildRules = (
			);
			dependencies = (
			);
			name = Peliculas;
			packageProductDependencies = (
				BADA75A82723A0740018C492 /* Alamofire */,
			);
			productName = Peliculas;
			productReference = BA300FFD27239ACB0042089D /* Peliculas.app */;
			productType = "com.apple.product-type.application";
		};
/* End PBXNativeTarget section */

/* Begin PBXProject section */
		BA300FF527239ACB0042089D /* Project object */ = {
			isa = PBXProject;
			attributes = {
				BuildIndependentTargetsInParallel = 1;
				LastSwiftUpdateCheck = 1300;
				LastUpgradeCheck = 1300;
				TargetAttributes = {
					BA300FFC27239ACB0042089D = {
						CreatedOnToolsVersion = 13.0;
					};
				};
			};
			buildConfigurationList = BA300FF827239ACB0042089D /* Build configuration list for PBXProject "Peliculas" */;
			compatibilityVersion = "Xcode 13.0";
			developmentRegion = en;
			hasScannedForEncodings = 0;
			knownRegions = (
				en,
				Base,
			);
			mainGroup = BA300FF427239ACB0042089D;
			packageReferences = (
				BADA75A72723A0740018C492 /* XCRemoteSwiftPackageReference "Alamofire" */,
			);
			productRefGroup = BA300FFE27239ACB0042089D /* Products */;
			projectDirPath = "";
			projectRoot = "";
			targets = (
				BA300FFC27239ACB0042089D /* Peliculas */,
			);
		};
/* End PBXProject section */

/* Begin PBXResourcesBuildPhase section */
		BA300FFB27239ACB0042089D /* Resources */ = {
			isa = PBXResourcesBuildPhase;
			buildActionMask = 2147483647;
			files = (
				BA30100D27239ACE0042089D /* LaunchScreen.storyboard in Resources */,
				BA5F335C273F461E002937C9 /* Images.xcassets in Resources */,
				BA5AA182273608B30096EEF7 /* Movies.storyboard in Resources */,
				BA30100A27239ACE0042089D /* Assets.xcassets in Resources */,
			);
			runOnlyForDeploymentPostprocessing = 0;
		};
/* End PBXResourcesBuildPhase section */

/* Begin PBXSourcesBuildPhase section */
		BA300FF927239ACB0042089D /* Sources */ = {
			isa = PBXSourcesBuildPhase;
			buildActionMask = 2147483647;
			files = (
				BA049E242723A17B00AD9DC5 /* UserWS.swift in Sources */,
				BA049E292723A8B400AD9DC5 /* MoviesDTO.swift in Sources */,
				BA5AA184273618250096EEF7 /* MovieTableViewCell.swift in Sources */,
				BA30100127239ACB0042089D /* AppDelegate.swift in Sources */,
				BA5AA180273608960096EEF7 /* ListMoviesViewController.swift in Sources */,
				BA049E262723A18700AD9DC5 /* MovieWS.swift in Sources */,
				BA5F335A273F4023002937C9 /* MovieDetailViewController.swift in Sources */,
				BA1223BF2736196500A63327 /* Movie.swift in Sources */,
				BA1223C227361D1000A63327 /* DateManager.swift in Sources */,
				BA30100327239ACB0042089D /* SceneDelegate.swift in Sources */,
			);
			runOnlyForDeploymentPostprocessing = 0;
		};
/* End PBXSourcesBuildPhase section */

/* Begin PBXVariantGroup section */
		BA30100B27239ACE0042089D /* LaunchScreen.storyboard */ = {
			isa = PBXVariantGroup;
			children = (
				BA30100C27239ACE0042089D /* Base */,
			);
			name = LaunchScreen.storyboard;
			sourceTree = "<group>";
		};
/* End PBXVariantGroup section */

/* Begin XCBuildConfiguration section */
		BA30100F27239ACE0042089D /* Debug */ = {
			isa = XCBuildConfiguration;
			buildSettings = {
				ALWAYS_SEARCH_USER_PATHS = NO;
				CLANG_ANALYZER_NONNULL = YES;
				CLANG_ANALYZER_NUMBER_OBJECT_CONVERSION = YES_AGGRESSIVE;
				CLANG_CXX_LANGUAGE_STANDARD = "gnu++17";
				CLANG_CXX_LIBRARY = "libc++";
				CLANG_ENABLE_MODULES = YES;
				CLANG_ENABLE_OBJC_ARC = YES;
				CLANG_ENABLE_OBJC_WEAK = YES;
				CLANG_WARN_BLOCK_CAPTURE_AUTORELEASING = YES;
				CLANG_WARN_BOOL_CONVERSION = YES;
				CLANG_WARN_COMMA = YES;
				CLANG_WARN_CONSTANT_CONVERSION = YES;
				CLANG_WARN_DEPRECATED_OBJC_IMPLEMENTATIONS = YES;
				CLANG_WARN_DIRECT_OBJC_ISA_USAGE = YES_ERROR;
				CLANG_WARN_DOCUMENTATION_COMMENTS = YES;
				CLANG_WARN_EMPTY_BODY = YES;
				CLANG_WARN_ENUM_CONVERSION = YES;
				CLANG_WARN_INFINITE_RECURSION = YES;
				CLANG_WARN_INT_CONVERSION = YES;
				CLANG_WARN_NON_LITERAL_NULL_CONVERSION = YES;
				CLANG_WARN_OBJC_IMPLICIT_RETAIN_SELF = YES;
				CLANG_WARN_OBJC_LITERAL_CONVERSION = YES;
				CLANG_WARN_OBJC_ROOT_CLASS = YES_ERROR;
				CLANG_WARN_QUOTED_INCLUDE_IN_FRAMEWORK_HEADER = YES;
				CLANG_WARN_RANGE_LOOP_ANALYSIS = YES;
				CLANG_WARN_STRICT_PROTOTYPES = YES;
				CLANG_WARN_SUSPICIOUS_MOVE = YES;
				CLANG_WARN_UNGUARDED_AVAILABILITY = YES_AGGRESSIVE;
				CLANG_WARN_UNREACHABLE_CODE = YES;
				CLANG_WARN__DUPLICATE_METHOD_MATCH = YES;
				COPY_PHASE_STRIP = NO;
				DEBUG_INFORMATION_FORMAT = dwarf;
				ENABLE_STRICT_OBJC_MSGSEND = YES;
				ENABLE_TESTABILITY = YES;
				GCC_C_LANGUAGE_STANDARD = gnu11;
				GCC_DYNAMIC_NO_PIC = NO;
				GCC_NO_COMMON_BLOCKS = YES;
				GCC_OPTIMIZATION_LEVEL = 0;
				GCC_PREPROCESSOR_DEFINITIONS = (
					"DEBUG=1",
					"$(inherited)",
				);
				GCC_WARN_64_TO_32_BIT_CONVERSION = YES;
				GCC_WARN_ABOUT_RETURN_TYPE = YES_ERROR;
				GCC_WARN_UNDECLARED_SELECTOR = YES;
				GCC_WARN_UNINITIALIZED_AUTOS = YES_AGGRESSIVE;
				GCC_WARN_UNUSED_FUNCTION = YES;
				GCC_WARN_UNUSED_VARIABLE = YES;
				IPHONEOS_DEPLOYMENT_TARGET = 15.0;
				MTL_ENABLE_DEBUG_INFO = INCLUDE_SOURCE;
				MTL_FAST_MATH = YES;
				ONLY_ACTIVE_ARCH = YES;
				SDKROOT = iphoneos;
				SWIFT_ACTIVE_COMPILATION_CONDITIONS = DEBUG;
				SWIFT_OPTIMIZATION_LEVEL = "-Onone";
			};
			name = Debug;
		};
		BA30101027239ACE0042089D /* Release */ = {
			isa = XCBuildConfiguration;
			buildSettings = {
				ALWAYS_SEARCH_USER_PATHS = NO;
				CLANG_ANALYZER_NONNULL = YES;
				CLANG_ANALYZER_NUMBER_OBJECT_CONVERSION = YES_AGGRESSIVE;
				CLANG_CXX_LANGUAGE_STANDARD = "gnu++17";
				CLANG_CXX_LIBRARY = "libc++";
				CLANG_ENABLE_MODULES = YES;
				CLANG_ENABLE_OBJC_ARC = YES;
				CLANG_ENABLE_OBJC_WEAK = YES;
				CLANG_WARN_BLOCK_CAPTURE_AUTORELEASING = YES;
				CLANG_WARN_BOOL_CONVERSION = YES;
				CLANG_WARN_COMMA = YES;
				CLANG_WARN_CONSTANT_CONVERSION = YES;
				CLANG_WARN_DEPRECATED_OBJC_IMPLEMENTATIONS = YES;
				CLANG_WARN_DIRECT_OBJC_ISA_USAGE = YES_ERROR;
				CLANG_WARN_DOCUMENTATION_COMMENTS = YES;
				CLANG_WARN_EMPTY_BODY = YES;
				CLANG_WARN_ENUM_CONVERSION = YES;
				CLANG_WARN_INFINITE_RECURSION = YES;
				CLANG_WARN_INT_CONVERSION = YES;
				CLANG_WARN_NON_LITERAL_NULL_CONVERSION = YES;
				CLANG_WARN_OBJC_IMPLICIT_RETAIN_SELF = YES;
				CLANG_WARN_OBJC_LITERAL_CONVERSION = YES;
				CLANG_WARN_OBJC_ROOT_CLASS = YES_ERROR;
				CLANG_WARN_QUOTED_INCLUDE_IN_FRAMEWORK_HEADER = YES;
				CLANG_WARN_RANGE_LOOP_ANALYSIS = YES;
				CLANG_WARN_STRICT_PROTOTYPES = YES;
				CLANG_WARN_SUSPICIOUS_MOVE = YES;
				CLANG_WARN_UNGUARDED_AVAILABILITY = YES_AGGRESSIVE;
				CLANG_WARN_UNREACHABLE_CODE = YES;
				CLANG_WARN__DUPLICATE_METHOD_MATCH = YES;
				COPY_PHASE_STRIP = NO;
				DEBUG_INFORMATION_FORMAT = "dwarf-with-dsym";
				ENABLE_NS_ASSERTIONS = NO;
				ENABLE_STRICT_OBJC_MSGSEND = YES;
				GCC_C_LANGUAGE_STANDARD = gnu11;
				GCC_NO_COMMON_BLOCKS = YES;
				GCC_WARN_64_TO_32_BIT_CONVERSION = YES;
				GCC_WARN_ABOUT_RETURN_TYPE = YES_ERROR;
				GCC_WARN_UNDECLARED_SELECTOR = YES;
				GCC_WARN_UNINITIALIZED_AUTOS = YES_AGGRESSIVE;
				GCC_WARN_UNUSED_FUNCTION = YES;
				GCC_WARN_UNUSED_VARIABLE = YES;
				IPHONEOS_DEPLOYMENT_TARGET = 15.0;
				MTL_ENABLE_DEBUG_INFO = NO;
				MTL_FAST_MATH = YES;
				SDKROOT = iphoneos;
				SWIFT_COMPILATION_MODE = wholemodule;
				SWIFT_OPTIMIZATION_LEVEL = "-O";
				VALIDATE_PRODUCT = YES;
			};
			name = Release;
		};
		BA30101227239ACE0042089D /* Debug */ = {
			isa = XCBuildConfiguration;
			buildSettings = {
				ASSETCATALOG_COMPILER_APPICON_NAME = AppIcon;
				ASSETCATALOG_COMPILER_GLOBAL_ACCENT_COLOR_NAME = AccentColor;
				CODE_SIGN_STYLE = Automatic;
				CURRENT_PROJECT_VERSION = 1;
				GENERATE_INFOPLIST_FILE = YES;
				INFOPLIST_FILE = Peliculas/Info.plist;
				INFOPLIST_KEY_UIApplicationSupportsIndirectInputEvents = YES;
				INFOPLIST_KEY_UILaunchStoryboardName = LaunchScreen;
				INFOPLIST_KEY_UIMainStoryboardFile = Movies;
				INFOPLIST_KEY_UISupportedInterfaceOrientations_iPad = "UIInterfaceOrientationPortrait UIInterfaceOrientationPortraitUpsideDown UIInterfaceOrientationLandscapeLeft UIInterfaceOrientationLandscapeRight";
				INFOPLIST_KEY_UISupportedInterfaceOrientations_iPhone = "UIInterfaceOrientationPortrait UIInterfaceOrientationLandscapeLeft UIInterfaceOrientationLandscapeRight";
				LD_RUNPATH_SEARCH_PATHS = (
					"$(inherited)",
					"@executable_path/Frameworks",
				);
				MARKETING_VERSION = 1.0;
				PRODUCT_BUNDLE_IDENTIFIER = com.isil.Peliculas;
				PRODUCT_NAME = "$(TARGET_NAME)";
				SWIFT_EMIT_LOC_STRINGS = YES;
				SWIFT_VERSION = 5.0;
				TARGETED_DEVICE_FAMILY = "1,2";
			};
			name = Debug;
		};
		BA30101327239ACE0042089D /* Release */ = {
			isa = XCBuildConfiguration;
			buildSettings = {
				ASSETCATALOG_COMPILER_APPICON_NAME = AppIcon;
				ASSETCATALOG_COMPILER_GLOBAL_ACCENT_COLOR_NAME = AccentColor;
				CODE_SIGN_STYLE = Automatic;
				CURRENT_PROJECT_VERSION = 1;
				GENERATE_INFOPLIST_FILE = YES;
				INFOPLIST_FILE = Peliculas/Info.plist;
				INFOPLIST_KEY_UIApplicationSupportsIndirectInputEvents = YES;
				INFOPLIST_KEY_UILaunchStoryboardName = LaunchScreen;
				INFOPLIST_KEY_UIMainStoryboardFile = Movies;
				INFOPLIST_KEY_UISupportedInterfaceOrientations_iPad = "UIInterfaceOrientationPortrait UIInterfaceOrientationPortraitUpsideDown UIInterfaceOrientationLandscapeLeft UIInterfaceOrientationLandscapeRight";
				INFOPLIST_KEY_UISupportedInterfaceOrientations_iPhone = "UIInterfaceOrientationPortrait UIInterfaceOrientationLandscapeLeft UIInterfaceOrientationLandscapeRight";
				LD_RUNPATH_SEARCH_PATHS = (
					"$(inherited)",
					"@executable_path/Frameworks",
				);
				MARKETING_VERSION = 1.0;
				PRODUCT_BUNDLE_IDENTIFIER = com.isil.Peliculas;
				PRODUCT_NAME = "$(TARGET_NAME)";
				SWIFT_EMIT_LOC_STRINGS = YES;
				SWIFT_VERSION = 5.0;
				TARGETED_DEVICE_FAMILY = "1,2";
			};
			name = Release;
		};
/* End XCBuildConfiguration section */

/* Begin XCConfigurationList section */
		BA300FF827239ACB0042089D /* Build configuration list for PBXProject "Peliculas" */ = {
			isa = XCConfigurationList;
			buildConfigurations = (
				BA30100F27239ACE0042089D /* Debug */,
				BA30101027239ACE0042089D /* Release */,
			);
			defaultConfigurationIsVisible = 0;
			defaultConfigurationName = Release;
		};
		BA30101127239ACE0042089D /* Build configuration list for PBXNativeTarget "Peliculas" */ = {
			isa = XCConfigurationList;
			buildConfigurations = (
				BA30101227239ACE0042089D /* Debug */,
				BA30101327239ACE0042089D /* Release */,
			);
			defaultConfigurationIsVisible = 0;
			defaultConfigurationName = Release;
		};
/* End XCConfigurationList section */

/* Begin XCRemoteSwiftPackageReference section */
		BADA75A72723A0740018C492 /* XCRemoteSwiftPackageReference "Alamofire" */ = {
			isa = XCRemoteSwiftPackageReference;
			repositoryURL = "https://github.com/Alamofire/Alamofire.git";
			requirement = {
				branch = master;
				kind = branch;
			};
		};
/* End XCRemoteSwiftPackageReference section */

/* Begin XCSwiftPackageProductDependency section */
		BADA75A82723A0740018C492 /* Alamofire */ = {
			isa = XCSwiftPackageProductDependency;
			package = BADA75A72723A0740018C492 /* XCRemoteSwiftPackageReference "Alamofire" */;
			productName = Alamofire;
		};
/* End XCSwiftPackageProductDependency section */
	};
	rootObject = BA300FF527239ACB0042089D /* Project object */;
}
