// !$*UTF8*$!
{
	archiveVersion = 1;
	classes = {
	};
	objectVersion = 55;
	objects = {

/* Begin PBXBuildFile section */
		08BBAF4324B8ED6AAC71AB81 /* Pods_DemoGoogleMaps.framework in Frameworks */ = {isa = PBXBuildFile; fileRef = 0775BE2BB8B60DB260B81A38 /* Pods_DemoGoogleMaps.framework */; };
		BA5CD11D275AEB0300EA7C18 /* AppDelegate.swift in Sources */ = {isa = PBXBuildFile; fileRef = BA5CD11C275AEB0300EA7C18 /* AppDelegate.swift */; };
		BA5CD11F275AEB0300EA7C18 /* SceneDelegate.swift in Sources */ = {isa = PBXBuildFile; fileRef = BA5CD11E275AEB0300EA7C18 /* SceneDelegate.swift */; };
		BA5CD121275AEB0300EA7C18 /* ViewController.swift in Sources */ = {isa = PBXBuildFile; fileRef = BA5CD120275AEB0300EA7C18 /* ViewController.swift */; };
		BA5CD124275AEB0300EA7C18 /* Main.storyboard in Resources */ = {isa = PBXBuildFile; fileRef = BA5CD122275AEB0300EA7C18 /* Main.storyboard */; };
		BA5CD126275AEB0600EA7C18 /* Assets.xcassets in Resources */ = {isa = PBXBuildFile; fileRef = BA5CD125275AEB0600EA7C18 /* Assets.xcassets */; };
		BA5CD129275AEB0600EA7C18 /* LaunchScreen.storyboard in Resources */ = {isa = PBXBuildFile; fileRef = BA5CD127275AEB0600EA7C18 /* LaunchScreen.storyboard */; };
/* End PBXBuildFile section */

/* Begin PBXFileReference section */
		0775BE2BB8B60DB260B81A38 /* Pods_DemoGoogleMaps.framework */ = {isa = PBXFileReference; explicitFileType = wrapper.framework; includeInIndex = 0; path = Pods_DemoGoogleMaps.framework; sourceTree = BUILT_PRODUCTS_DIR; };
		89970B6E16C106A8D34A5424 /* Pods-DemoGoogleMaps.release.xcconfig */ = {isa = PBXFileReference; includeInIndex = 1; lastKnownFileType = text.xcconfig; name = "Pods-DemoGoogleMaps.release.xcconfig"; path = "Target Support Files/Pods-DemoGoogleMaps/Pods-DemoGoogleMaps.release.xcconfig"; sourceTree = "<group>"; };
		BA5CD119275AEB0300EA7C18 /* DemoGoogleMaps.app */ = {isa = PBXFileReference; explicitFileType = wrapper.application; includeInIndex = 0; path = DemoGoogleMaps.app; sourceTree = BUILT_PRODUCTS_DIR; };
		BA5CD11C275AEB0300EA7C18 /* AppDelegate.swift */ = {isa = PBXFileReference; lastKnownFileType = sourcecode.swift; path = AppDelegate.swift; sourceTree = "<group>"; };
		BA5CD11E275AEB0300EA7C18 /* SceneDelegate.swift */ = {isa = PBXFileReference; lastKnownFileType = sourcecode.swift; path = SceneDelegate.swift; sourceTree = "<group>"; };
		BA5CD120275AEB0300EA7C18 /* ViewController.swift */ = {isa = PBXFileReference; lastKnownFileType = sourcecode.swift; path = ViewController.swift; sourceTree = "<group>"; };
		BA5CD123275AEB0300EA7C18 /* Base */ = {isa = PBXFileReference; lastKnownFileType = file.storyboard; name = Base; path = Base.lproj/Main.storyboard; sourceTree = "<group>"; };
		BA5CD125275AEB0600EA7C18 /* Assets.xcassets */ = {isa = PBXFileReference; lastKnownFileType = folder.assetcatalog; path = Assets.xcassets; sourceTree = "<group>"; };
		BA5CD128275AEB0600EA7C18 /* Base */ = {isa = PBXFileReference; lastKnownFileType = file.storyboard; name = Base; path = Base.lproj/LaunchScreen.storyboard; sourceTree = "<group>"; };
		BA5CD12A275AEB0600EA7C18 /* Info.plist */ = {isa = PBXFileReference; lastKnownFileType = text.plist.xml; path = Info.plist; sourceTree = "<group>"; };
		E51FA95C13F58DB0B9471325 /* Pods-DemoGoogleMaps.debug.xcconfig */ = {isa = PBXFileReference; includeInIndex = 1; lastKnownFileType = text.xcconfig; name = "Pods-DemoGoogleMaps.debug.xcconfig"; path = "Target Support Files/Pods-DemoGoogleMaps/Pods-DemoGoogleMaps.debug.xcconfig"; sourceTree = "<group>"; };
/* End PBXFileReference section */

/* Begin PBXFrameworksBuildPhase section */
		BA5CD116275AEB0300EA7C18 /* Frameworks */ = {
			isa = PBXFrameworksBuildPhase;
			buildActionMask = 2147483647;
			files = (
				08BBAF4324B8ED6AAC71AB81 /* Pods_DemoGoogleMaps.framework in Frameworks */,
			);
			runOnlyForDeploymentPostprocessing = 0;
		};
/* End PBXFrameworksBuildPhase section */

/* Begin PBXGroup section */
		0EBB892EBB1FB4038AA2377E /* Frameworks */ = {
			isa = PBXGroup;
			children = (
				0775BE2BB8B60DB260B81A38 /* Pods_DemoGoogleMaps.framework */,
			);
			name = Frameworks;
			sourceTree = "<group>";
		};
		2E3F8B6D21EDB9C5746967EA /* Pods */ = {
			isa = PBXGroup;
			children = (
				E51FA95C13F58DB0B9471325 /* Pods-DemoGoogleMaps.debug.xcconfig */,
				89970B6E16C106A8D34A5424 /* Pods-DemoGoogleMaps.release.xcconfig */,
			);
			name = Pods;
			path = Pods;
			sourceTree = "<group>";
		};
		BA5CD110275AEB0300EA7C18 = {
			isa = PBXGroup;
			children = (
				BA5CD11B275AEB0300EA7C18 /* DemoGoogleMaps */,
				BA5CD11A275AEB0300EA7C18 /* Products */,
				2E3F8B6D21EDB9C5746967EA /* Pods */,
				0EBB892EBB1FB4038AA2377E /* Frameworks */,
			);
			sourceTree = "<group>";
		};
		BA5CD11A275AEB0300EA7C18 /* Products */ = {
			isa = PBXGroup;
			children = (
				BA5CD119275AEB0300EA7C18 /* DemoGoogleMaps.app */,
			);
			name = Products;
			sourceTree = "<group>";
		};
		BA5CD11B275AEB0300EA7C18 /* DemoGoogleMaps */ = {
			isa = PBXGroup;
			children = (
				BA5CD11C275AEB0300EA7C18 /* AppDelegate.swift */,
				BA5CD11E275AEB0300EA7C18 /* SceneDelegate.swift */,
				BA5CD120275AEB0300EA7C18 /* ViewController.swift */,
				BA5CD122275AEB0300EA7C18 /* Main.storyboard */,
				BA5CD125275AEB0600EA7C18 /* Assets.xcassets */,
				BA5CD127275AEB0600EA7C18 /* LaunchScreen.storyboard */,
				BA5CD12A275AEB0600EA7C18 /* Info.plist */,
			);
			path = DemoGoogleMaps;
			sourceTree = "<group>";
		};
/* End PBXGroup section */

/* Begin PBXNativeTarget section */
		BA5CD118275AEB0300EA7C18 /* DemoGoogleMaps */ = {
			isa = PBXNativeTarget;
			buildConfigurationList = BA5CD12D275AEB0600EA7C18 /* Build configuration list for PBXNativeTarget "DemoGoogleMaps" */;
			buildPhases = (
				8F79422BD86D2124CFEE9108 /* [CP] Check Pods Manifest.lock */,
				BA5CD115275AEB0300EA7C18 /* Sources */,
				BA5CD116275AEB0300EA7C18 /* Frameworks */,
				BA5CD117275AEB0300EA7C18 /* Resources */,
				CEBF760EFD21ABD3327691C2 /* [CP] Copy Pods Resources */,
			);
			buildRules = (
			);
			dependencies = (
			);
			name = DemoGoogleMaps;
			productName = DemoGoogleMaps;
			productReference = BA5CD119275AEB0300EA7C18 /* DemoGoogleMaps.app */;
			productType = "com.apple.product-type.application";
		};
/* End PBXNativeTarget section */

/* Begin PBXProject section */
		BA5CD111275AEB0300EA7C18 /* Project object */ = {
			isa = PBXProject;
			attributes = {
				BuildIndependentTargetsInParallel = 1;
				LastSwiftUpdateCheck = 1310;
				LastUpgradeCheck = 1310;
				TargetAttributes = {
					BA5CD118275AEB0300EA7C18 = {
						CreatedOnToolsVersion = 13.1;
					};
				};
			};
			buildConfigurationList = BA5CD114275AEB0300EA7C18 /* Build configuration list for PBXProject "DemoGoogleMaps" */;
			compatibilityVersion = "Xcode 13.0";
			developmentRegion = en;
			hasScannedForEncodings = 0;
			knownRegions = (
				en,
				Base,
			);
			mainGroup = BA5CD110275AEB0300EA7C18;
			productRefGroup = BA5CD11A275AEB0300EA7C18 /* Products */;
			projectDirPath = "";
			projectRoot = "";
			targets = (
				BA5CD118275AEB0300EA7C18 /* DemoGoogleMaps */,
			);
		};
/* End PBXProject section */

/* Begin PBXResourcesBuildPhase section */
		BA5CD117275AEB0300EA7C18 /* Resources */ = {
			isa = PBXResourcesBuildPhase;
			buildActionMask = 2147483647;
			files = (
				BA5CD129275AEB0600EA7C18 /* LaunchScreen.storyboard in Resources */,
				BA5CD126275AEB0600EA7C18 /* Assets.xcassets in Resources */,
				BA5CD124275AEB0300EA7C18 /* Main.storyboard in Resources */,
			);
			runOnlyForDeploymentPostprocessing = 0;
		};
/* End PBXResourcesBuildPhase section */

/* Begin PBXShellScriptBuildPhase section */
		8F79422BD86D2124CFEE9108 /* [CP] Check Pods Manifest.lock */ = {
			isa = PBXShellScriptBuildPhase;
			buildActionMask = 2147483647;
			files = (
			);
			inputFileListPaths = (
			);
			inputPaths = (
				"${PODS_PODFILE_DIR_PATH}/Podfile.lock",
				"${PODS_ROOT}/Manifest.lock",
			);
			name = "[CP] Check Pods Manifest.lock";
			outputFileListPaths = (
			);
			outputPaths = (
				"$(DERIVED_FILE_DIR)/Pods-DemoGoogleMaps-checkManifestLockResult.txt",
			);
			runOnlyForDeploymentPostprocessing = 0;
			shellPath = /bin/sh;
			shellScript = "diff \"${PODS_PODFILE_DIR_PATH}/Podfile.lock\" \"${PODS_ROOT}/Manifest.lock\" > /dev/null\nif [ $? != 0 ] ; then\n    # print error to STDERR\n    echo \"error: The sandbox is not in sync with the Podfile.lock. Run 'pod install' or update your CocoaPods installation.\" >&2\n    exit 1\nfi\n# This output is used by Xcode 'outputs' to avoid re-running this script phase.\necho \"SUCCESS\" > \"${SCRIPT_OUTPUT_FILE_0}\"\n";
			showEnvVarsInLog = 0;
		};
		CEBF760EFD21ABD3327691C2 /* [CP] Copy Pods Resources */ = {
			isa = PBXShellScriptBuildPhase;
			buildActionMask = 2147483647;
			files = (
			);
			inputFileListPaths = (
				"${PODS_ROOT}/Target Support Files/Pods-DemoGoogleMaps/Pods-DemoGoogleMaps-resources-${CONFIGURATION}-input-files.xcfilelist",
			);
			name = "[CP] Copy Pods Resources";
			outputFileListPaths = (
				"${PODS_ROOT}/Target Support Files/Pods-DemoGoogleMaps/Pods-DemoGoogleMaps-resources-${CONFIGURATION}-output-files.xcfilelist",
			);
			runOnlyForDeploymentPostprocessing = 0;
			shellPath = /bin/sh;
			shellScript = "\"${PODS_ROOT}/Target Support Files/Pods-DemoGoogleMaps/Pods-DemoGoogleMaps-resources.sh\"\n";
			showEnvVarsInLog = 0;
		};
/* End PBXShellScriptBuildPhase section */

/* Begin PBXSourcesBuildPhase section */
		BA5CD115275AEB0300EA7C18 /* Sources */ = {
			isa = PBXSourcesBuildPhase;
			buildActionMask = 2147483647;
			files = (
				BA5CD121275AEB0300EA7C18 /* ViewController.swift in Sources */,
				BA5CD11D275AEB0300EA7C18 /* AppDelegate.swift in Sources */,
				BA5CD11F275AEB0300EA7C18 /* SceneDelegate.swift in Sources */,
			);
			runOnlyForDeploymentPostprocessing = 0;
		};
/* End PBXSourcesBuildPhase section */

/* Begin PBXVariantGroup section */
		BA5CD122275AEB0300EA7C18 /* Main.storyboard */ = {
			isa = PBXVariantGroup;
			children = (
				BA5CD123275AEB0300EA7C18 /* Base */,
			);
			name = Main.storyboard;
			sourceTree = "<group>";
		};
		BA5CD127275AEB0600EA7C18 /* LaunchScreen.storyboard */ = {
			isa = PBXVariantGroup;
			children = (
				BA5CD128275AEB0600EA7C18 /* Base */,
			);
			name = LaunchScreen.storyboard;
			sourceTree = "<group>";
		};
/* End PBXVariantGroup section */

/* Begin XCBuildConfiguration section */
		BA5CD12B275AEB0600EA7C18 /* Debug */ = {
			isa = XCBuildConfiguration;
			buildSettings = {
				ALWAYS_SEARCH_USER_PATHS = NO;
				CLANG_ANALYZER_NONNULL = YES;
				CLANG_ANALYZER_NUMBER_OBJECT_CONVERSION = YES_AGGRESSIVE;
				CLANG_CXX_LANGUAGE_STANDARD = "gnu++17";
				CLANG_CXX_LIBRARY = "libc++";
				CLANG_ENABLE_MODULES = YES;
				CLANG_ENABLE_OBJC_ARC = YES;
				CLANG_ENABLE_OBJC_WEAK = YES;
				CLANG_WARN_BLOCK_CAPTURE_AUTORELEASING = YES;
				CLANG_WARN_BOOL_CONVERSION = YES;
				CLANG_WARN_COMMA = YES;
				CLANG_WARN_CONSTANT_CONVERSION = YES;
				CLANG_WARN_DEPRECATED_OBJC_IMPLEMENTATIONS = YES;
				CLANG_WARN_DIRECT_OBJC_ISA_USAGE = YES_ERROR;
				CLANG_WARN_DOCUMENTATION_COMMENTS = YES;
				CLANG_WARN_EMPTY_BODY = YES;
				CLANG_WARN_ENUM_CONVERSION = YES;
				CLANG_WARN_INFINITE_RECURSION = YES;
				CLANG_WARN_INT_CONVERSION = YES;
				CLANG_WARN_NON_LITERAL_NULL_CONVERSION = YES;
				CLANG_WARN_OBJC_IMPLICIT_RETAIN_SELF = YES;
				CLANG_WARN_OBJC_LITERAL_CONVERSION = YES;
				CLANG_WARN_OBJC_ROOT_CLASS = YES_ERROR;
				CLANG_WARN_QUOTED_INCLUDE_IN_FRAMEWORK_HEADER = YES;
				CLANG_WARN_RANGE_LOOP_ANALYSIS = YES;
				CLANG_WARN_STRICT_PROTOTYPES = YES;
				CLANG_WARN_SUSPICIOUS_MOVE = YES;
				CLANG_WARN_UNGUARDED_AVAILABILITY = YES_AGGRESSIVE;
				CLANG_WARN_UNREACHABLE_CODE = YES;
				CLANG_WARN__DUPLICATE_METHOD_MATCH = YES;
				COPY_PHASE_STRIP = NO;
				DEBUG_INFORMATION_FORMAT = dwarf;
				ENABLE_STRICT_OBJC_MSGSEND = YES;
				ENABLE_TESTABILITY = YES;
				GCC_C_LANGUAGE_STANDARD = gnu11;
				GCC_DYNAMIC_NO_PIC = NO;
				GCC_NO_COMMON_BLOCKS = YES;
				GCC_OPTIMIZATION_LEVEL = 0;
				GCC_PREPROCESSOR_DEFINITIONS = (
					"DEBUG=1",
					"$(inherited)",
				);
				GCC_WARN_64_TO_32_BIT_CONVERSION = YES;
				GCC_WARN_ABOUT_RETURN_TYPE = YES_ERROR;
				GCC_WARN_UNDECLARED_SELECTOR = YES;
				GCC_WARN_UNINITIALIZED_AUTOS = YES_AGGRESSIVE;
				GCC_WARN_UNUSED_FUNCTION = YES;
				GCC_WARN_UNUSED_VARIABLE = YES;
				IPHONEOS_DEPLOYMENT_TARGET = 15.0;
				MTL_ENABLE_DEBUG_INFO = INCLUDE_SOURCE;
				MTL_FAST_MATH = YES;
				ONLY_ACTIVE_ARCH = YES;
				SDKROOT = iphoneos;
				SWIFT_ACTIVE_COMPILATION_CONDITIONS = DEBUG;
				SWIFT_OPTIMIZATION_LEVEL = "-Onone";
			};
			name = Debug;
		};
		BA5CD12C275AEB0600EA7C18 /* Release */ = {
			isa = XCBuildConfiguration;
			buildSettings = {
				ALWAYS_SEARCH_USER_PATHS = NO;
				CLANG_ANALYZER_NONNULL = YES;
				CLANG_ANALYZER_NUMBER_OBJECT_CONVERSION = YES_AGGRESSIVE;
				CLANG_CXX_LANGUAGE_STANDARD = "gnu++17";
				CLANG_CXX_LIBRARY = "libc++";
				CLANG_ENABLE_MODULES = YES;
				CLANG_ENABLE_OBJC_ARC = YES;
				CLANG_ENABLE_OBJC_WEAK = YES;
				CLANG_WARN_BLOCK_CAPTURE_AUTORELEASING = YES;
				CLANG_WARN_BOOL_CONVERSION = YES;
				CLANG_WARN_COMMA = YES;
				CLANG_WARN_CONSTANT_CONVERSION = YES;
				CLANG_WARN_DEPRECATED_OBJC_IMPLEMENTATIONS = YES;
				CLANG_WARN_DIRECT_OBJC_ISA_USAGE = YES_ERROR;
				CLANG_WARN_DOCUMENTATION_COMMENTS = YES;
				CLANG_WARN_EMPTY_BODY = YES;
				CLANG_WARN_ENUM_CONVERSION = YES;
				CLANG_WARN_INFINITE_RECURSION = YES;
				CLANG_WARN_INT_CONVERSION = YES;
				CLANG_WARN_NON_LITERAL_NULL_CONVERSION = YES;
				CLANG_WARN_OBJC_IMPLICIT_RETAIN_SELF = YES;
				CLANG_WARN_OBJC_LITERAL_CONVERSION = YES;
				CLANG_WARN_OBJC_ROOT_CLASS = YES_ERROR;
				CLANG_WARN_QUOTED_INCLUDE_IN_FRAMEWORK_HEADER = YES;
				CLANG_WARN_RANGE_LOOP_ANALYSIS = YES;
				CLANG_WARN_STRICT_PROTOTYPES = YES;
				CLANG_WARN_SUSPICIOUS_MOVE = YES;
				CLANG_WARN_UNGUARDED_AVAILABILITY = YES_AGGRESSIVE;
				CLANG_WARN_UNREACHABLE_CODE = YES;
				CLANG_WARN__DUPLICATE_METHOD_MATCH = YES;
				COPY_PHASE_STRIP = NO;
				DEBUG_INFORMATION_FORMAT = "dwarf-with-dsym";
				ENABLE_NS_ASSERTIONS = NO;
				ENABLE_STRICT_OBJC_MSGSEND = YES;
				GCC_C_LANGUAGE_STANDARD = gnu11;
				GCC_NO_COMMON_BLOCKS = YES;
				GCC_WARN_64_TO_32_BIT_CONVERSION = YES;
				GCC_WARN_ABOUT_RETURN_TYPE = YES_ERROR;
				GCC_WARN_UNDECLARED_SELECTOR = YES;
				GCC_WARN_UNINITIALIZED_AUTOS = YES_AGGRESSIVE;
				GCC_WARN_UNUSED_FUNCTION = YES;
				GCC_WARN_UNUSED_VARIABLE = YES;
				IPHONEOS_DEPLOYMENT_TARGET = 15.0;
				MTL_ENABLE_DEBUG_INFO = NO;
				MTL_FAST_MATH = YES;
				SDKROOT = iphoneos;
				SWIFT_COMPILATION_MODE = wholemodule;
				SWIFT_OPTIMIZATION_LEVEL = "-O";
				VALIDATE_PRODUCT = YES;
			};
			name = Release;
		};
		BA5CD12E275AEB0600EA7C18 /* Debug */ = {
			isa = XCBuildConfiguration;
			baseConfigurationReference = E51FA95C13F58DB0B9471325 /* Pods-DemoGoogleMaps.debug.xcconfig */;
			buildSettings = {
				ASSETCATALOG_COMPILER_APPICON_NAME = AppIcon;
				ASSETCATALOG_COMPILER_GLOBAL_ACCENT_COLOR_NAME = AccentColor;
				CODE_SIGN_STYLE = Automatic;
				CURRENT_PROJECT_VERSION = 1;
				GENERATE_INFOPLIST_FILE = YES;
				INFOPLIST_FILE = DemoGoogleMaps/Info.plist;
				INFOPLIST_KEY_UIApplicationSupportsIndirectInputEvents = YES;
				INFOPLIST_KEY_UILaunchStoryboardName = LaunchScreen;
				INFOPLIST_KEY_UIMainStoryboardFile = Main;
				INFOPLIST_KEY_UISupportedInterfaceOrientations_iPad = "UIInterfaceOrientationPortrait UIInterfaceOrientationPortraitUpsideDown UIInterfaceOrientationLandscapeLeft UIInterfaceOrientationLandscapeRight";
				INFOPLIST_KEY_UISupportedInterfaceOrientations_iPhone = "UIInterfaceOrientationPortrait UIInterfaceOrientationLandscapeLeft UIInterfaceOrientationLandscapeRight";
				LD_RUNPATH_SEARCH_PATHS = (
					"$(inherited)",
					"@executable_path/Frameworks",
				);
				MARKETING_VERSION = 1.0;
				PRODUCT_BUNDLE_IDENTIFIER = com.isil.5051;
				PRODUCT_NAME = "$(TARGET_NAME)";
				SWIFT_EMIT_LOC_STRINGS = YES;
				SWIFT_VERSION = 5.0;
				TARGETED_DEVICE_FAMILY = "1,2";
			};
			name = Debug;
		};
		BA5CD12F275AEB0600EA7C18 /* Release */ = {
			isa = XCBuildConfiguration;
			baseConfigurationReference = 89970B6E16C106A8D34A5424 /* Pods-DemoGoogleMaps.release.xcconfig */;
			buildSettings = {
				ASSETCATALOG_COMPILER_APPICON_NAME = AppIcon;
				ASSETCATALOG_COMPILER_GLOBAL_ACCENT_COLOR_NAME = AccentColor;
				CODE_SIGN_STYLE = Automatic;
				CURRENT_PROJECT_VERSION = 1;
				GENERATE_INFOPLIST_FILE = YES;
				INFOPLIST_FILE = DemoGoogleMaps/Info.plist;
				INFOPLIST_KEY_UIApplicationSupportsIndirectInputEvents = YES;
				INFOPLIST_KEY_UILaunchStoryboardName = LaunchScreen;
				INFOPLIST_KEY_UIMainStoryboardFile = Main;
				INFOPLIST_KEY_UISupportedInterfaceOrientations_iPad = "UIInterfaceOrientationPortrait UIInterfaceOrientationPortraitUpsideDown UIInterfaceOrientationLandscapeLeft UIInterfaceOrientationLandscapeRight";
				INFOPLIST_KEY_UISupportedInterfaceOrientations_iPhone = "UIInterfaceOrientationPortrait UIInterfaceOrientationLandscapeLeft UIInterfaceOrientationLandscapeRight";
				LD_RUNPATH_SEARCH_PATHS = (
					"$(inherited)",
					"@executable_path/Frameworks",
				);
				MARKETING_VERSION = 1.0;
				PRODUCT_BUNDLE_IDENTIFIER = com.isil.5051;
				PRODUCT_NAME = "$(TARGET_NAME)";
				SWIFT_EMIT_LOC_STRINGS = YES;
				SWIFT_VERSION = 5.0;
				TARGETED_DEVICE_FAMILY = "1,2";
			};
			name = Release;
		};
/* End XCBuildConfiguration section */

/* Begin XCConfigurationList section */
		BA5CD114275AEB0300EA7C18 /* Build configuration list for PBXProject "DemoGoogleMaps" */ = {
			isa = XCConfigurationList;
			buildConfigurations = (
				BA5CD12B275AEB0600EA7C18 /* Debug */,
				BA5CD12C275AEB0600EA7C18 /* Release */,
			);
			defaultConfigurationIsVisible = 0;
			defaultConfigurationName = Release;
		};
		BA5CD12D275AEB0600EA7C18 /* Build configuration list for PBXNativeTarget "DemoGoogleMaps" */ = {
			isa = XCConfigurationList;
			buildConfigurations = (
				BA5CD12E275AEB0600EA7C18 /* Debug */,
				BA5CD12F275AEB0600EA7C18 /* Release */,
			);
			defaultConfigurationIsVisible = 0;
			defaultConfigurationName = Release;
		};
/* End XCConfigurationList section */
	};
	rootObject = BA5CD111275AEB0300EA7C18 /* Project object */;
}
